
Microsoft Visual Studio Solution File, Format Version 12.00
# Visual Studio Version 16
VisualStudioVersion = 16.0.31702.278
MinimumVisualStudioVersion = 10.0.40219.1
Project("{FAE04EC0-301F-11D3-BF4B-00C04F79EFBC}") = "EnumeracoesEComposicao", "EnumeracoesEComposicao\EnumeracoesEComposicao.csproj", "{745D76A3-9918-4A88-B752-038B3E318F7A}"
EndProject
Global
	GlobalSection(SolutionConfigurationPlatforms) = preSolution
		Debug|Any CPU = Debug|Any CPU
		Release|Any CPU = Release|Any CPU
	EndGlobalSection
	GlobalSection(ProjectConfigurationPlatforms) = postSolution
		{745D76A3-9918-4A88-B752-038B3E318F7A}.Debug|Any CPU.ActiveCfg = Debug|Any CPU
		{745D76A3-9918-4A88-B752-038B3E318F7A}.Debug|Any CPU.Build.0 = Debug|Any CPU
		{745D76A3-9918-4A88-B752-038B3E318F7A}.Release|Any CPU.ActiveCfg = Release|Any CPU
		{745D76A3-9918-4A88-B752-038B3E318F7A}.Release|Any CPU.Build.0 = Release|Any CPU
	EndGlobalSection
	GlobalSection(SolutionProperties) = preSolution
		HideSolutionNode = FALSE
	EndGlobalSection
	GlobalSection(ExtensibilityGlobals) = postSolution
		SolutionGuid = {4ABA556E-52AC-4F8A-90E4-91B104A6F581}
	EndGlobalSection
EndGlobal
